
Microsoft Visual Studio Solution File, Format Version 12.00
# Visual Studio Version 17
VisualStudioVersion = 17.13.35806.99 d17.13
MinimumVisualStudioVersion = 10.0.40219.1
Project("{FAE04EC0-301F-11D3-BF4B-00C04F79EFBC}") = "WPFApp1", "WPFApp1\WPFApp1.csproj", "{40E911DE-881A-4DAB-A706-EDD0A9E34784}"
EndProject
Global
	GlobalSection(SolutionConfigurationPlatforms) = preSolution
		Debug|Any CPU = Debug|Any CPU
		Release|Any CPU = Release|Any CPU
	EndGlobalSection
	GlobalSection(ProjectConfigurationPlatforms) = postSolution
		{40E911DE-881A-4DAB-A706-EDD0A9E34784}.Debug|Any CPU.ActiveCfg = Debug|Any CPU
		{40E911DE-881A-4DAB-A706-EDD0A9E34784}.Debug|Any CPU.Build.0 = Debug|Any CPU
		{40E911DE-881A-4DAB-A706-EDD0A9E34784}.Release|Any CPU.ActiveCfg = Release|Any CPU
		{40E911DE-881A-4DAB-A706-EDD0A9E34784}.Release|Any CPU.Build.0 = Release|Any CPU
	EndGlobalSection
	GlobalSection(SolutionProperties) = preSolution
		HideSolutionNode = FALSE
	EndGlobalSection
	GlobalSection(ExtensibilityGlobals) = postSolution
		SolutionGuid = {9611AF86-605F-449C-92D0-8C89A28B1F90}
	EndGlobalSection
EndGlobal
